
Microsoft Visual Studio Solution File, Format Version 12.00
# Visual Studio 15
VisualStudioVersion = 15.0.28307.757
MinimumVisualStudioVersion = 10.0.40219.1
Project("{FAE04EC0-301F-11D3-BF4B-00C04F79EFBC}") = "md2docx", "md2docx\md2docx.csproj", "{57F2D503-1BD2-452E-8B5B-D513E92F204E}"
EndProject
Project("{FAE04EC0-301F-11D3-BF4B-00C04F79EFBC}") = "md2docxTests", "md2docxTests\md2docxTests.csproj", "{7F4634A7-B081-47A1-85B1-241FEE59AD72}"
EndProject
Global
	GlobalSection(SolutionConfigurationPlatforms) = preSolution
		Debug|Any CPU = Debug|Any CPU
		Release|Any CPU = Release|Any CPU
	EndGlobalSection
	GlobalSection(ProjectConfigurationPlatforms) = postSolution
		{57F2D503-1BD2-452E-8B5B-D513E92F204E}.Debug|Any CPU.ActiveCfg = Debug|Any CPU
		{57F2D503-1BD2-452E-8B5B-D513E92F204E}.Debug|Any CPU.Build.0 = Debug|Any CPU
		{57F2D503-1BD2-452E-8B5B-D513E92F204E}.Release|Any CPU.ActiveCfg = Release|Any CPU
		{57F2D503-1BD2-452E-8B5B-D513E92F204E}.Release|Any CPU.Build.0 = Release|Any CPU
		{7F4634A7-B081-47A1-85B1-241FEE59AD72}.Debug|Any CPU.ActiveCfg = Debug|Any CPU
		{7F4634A7-B081-47A1-85B1-241FEE59AD72}.Debug|Any CPU.Build.0 = Debug|Any CPU
		{7F4634A7-B081-47A1-85B1-241FEE59AD72}.Release|Any CPU.ActiveCfg = Release|Any CPU
		{7F4634A7-B081-47A1-85B1-241FEE59AD72}.Release|Any CPU.Build.0 = Release|Any CPU
	EndGlobalSection
	GlobalSection(SolutionProperties) = preSolution
		HideSolutionNode = FALSE
	EndGlobalSection
	GlobalSection(ExtensibilityGlobals) = postSolution
		SolutionGuid = {F81063E4-7612-4A77-873A-3DD8921033D6}
	EndGlobalSection
EndGlobal
